
Microsoft Visual Studio Solution File, Format Version 12.00
# Visual Studio Version 16
VisualStudioVersion = 16.0.31729.503
MinimumVisualStudioVersion = 10.0.40219.1
Project("{FAE04EC0-301F-11D3-BF4B-00C04F79EFBC}") = "PhotoEngineService", "PhotoEngineService.csproj", "{767EC1AF-936F-4896-B3E4-A41DFFE6C461}"
EndProject
Global
	GlobalSection(SolutionConfigurationPlatforms) = preSolution
		Debug|Any CPU = Debug|Any CPU
		Release|Any CPU = Release|Any CPU
	EndGlobalSection
	GlobalSection(ProjectConfigurationPlatforms) = postSolution
		{767EC1AF-936F-4896-B3E4-A41DFFE6C461}.Debug|Any CPU.ActiveCfg = Debug|Any CPU
		{767EC1AF-936F-4896-B3E4-A41DFFE6C461}.Debug|Any CPU.Build.0 = Debug|Any CPU
		{767EC1AF-936F-4896-B3E4-A41DFFE6C461}.Release|Any CPU.ActiveCfg = Release|Any CPU
		{767EC1AF-936F-4896-B3E4-A41DFFE6C461}.Release|Any CPU.Build.0 = Release|Any CPU
	EndGlobalSection
	GlobalSection(SolutionProperties) = preSolution
		HideSolutionNode = FALSE
	EndGlobalSection
	GlobalSection(ExtensibilityGlobals) = postSolution
		SolutionGuid = {58651CED-590F-43B6-9DF1-5156FE455A87}
	EndGlobalSection
EndGlobal
